
Microsoft Visual Studio Solution File, Format Version 12.00
# Visual Studio Version 16
VisualStudioVersion = 16.0.30002.166
MinimumVisualStudioVersion = 10.0.40219.1
Project("{FAE04EC0-301F-11D3-BF4B-00C04F79EFBC}") = "Class_Practice_Too", "Class_Practice_Too\Class_Practice_Too.csproj", "{A58543E0-ACBE-4924-A9E9-8A960DFBA4B0}"
EndProject
Global
	GlobalSection(SolutionConfigurationPlatforms) = preSolution
		Debug|Any CPU = Debug|Any CPU
		Release|Any CPU = Release|Any CPU
	EndGlobalSection
	GlobalSection(ProjectConfigurationPlatforms) = postSolution
		{A58543E0-ACBE-4924-A9E9-8A960DFBA4B0}.Debug|Any CPU.ActiveCfg = Debug|Any CPU
		{A58543E0-ACBE-4924-A9E9-8A960DFBA4B0}.Debug|Any CPU.Build.0 = Debug|Any CPU
		{A58543E0-ACBE-4924-A9E9-8A960DFBA4B0}.Release|Any CPU.ActiveCfg = Release|Any CPU
		{A58543E0-ACBE-4924-A9E9-8A960DFBA4B0}.Release|Any CPU.Build.0 = Release|Any CPU
	EndGlobalSection
	GlobalSection(SolutionProperties) = preSolution
		HideSolutionNode = FALSE
	EndGlobalSection
	GlobalSection(ExtensibilityGlobals) = postSolution
		SolutionGuid = {A3B33553-A130-4C13-A96C-336A19E5C812}
	EndGlobalSection
EndGlobal
